// !$*UTF8*$!
{
	archiveVersion = 1;
	classes = {
	};
	objectVersion = 77;
	objects = {

/* Begin PBXContainerItemProxy section */
		80F0DD452FFD43A200A2EA3A /* PBXContainerItemProxy */ = {
			isa = PBXContainerItemProxy;
			containerPortal = 80F0DD2F2FFD43A100A2EA3A /* Project object */;
			proxyType = 1;
			remoteGlobalIDString = 80F0DD362FFD43A100A2EA3A;
			remoteInfo = ThemeSelector2026;
		};
		80F0DD4F2FFD43A200A2EA3A /* PBXContainerItemProxy */ = {
			isa = PBXContainerItemProxy;
			containerPortal = 80F0DD2F2FFD43A100A2EA3A /* Project object */;
			proxyType = 1;
			remoteGlobalIDString = 80F0DD362FFD43A100A2EA3A;
			remoteInfo = ThemeSelector2026;
		};
/* End PBXContainerItemProxy section */

/* Begin PBXFileReference section */
		80F0DD372FFD43A100A2EA3A /* ThemeSelector2026.app */ = {isa = PBXFileReference; explicitFileType = wrapper.application; includeInIndex = 0; path = ThemeSelector2026.app; sourceTree = BUILT_PRODUCTS_DIR; };
		80F0DD442FFD43A200A2EA3A /* ThemeSelector2026Tests.xctest */ = {isa = PBXFileReference; explicitFileType = wrapper.cfbundle; includeInIndex = 0; path = ThemeSelector2026Tests.xctest; sourceTree = BUILT_PRODUCTS_DIR; };
		80F0DD4E2FFD43A200A2EA3A /* ThemeSelector2026UITests.xctest */ = {isa = PBXFileReference; explicitFileType = wrapper.cfbundle; includeInIndex = 0; path = ThemeSelector2026UITests.xctest; sourceTree = BUILT_PRODUCTS_DIR; };
/* End PBXFileReference section */

/* Begin PBXFileSystemSynchronizedRootGroup section */
		80F0DD392FFD43A100A2EA3A /* ThemeSelector2026 */ = {
			isa = PBXFileSystemSynchronizedRootGroup;
			path = ThemeSelector2026;
			sourceTree = "<group>";
		};
		80F0DD472FFD43A200A2EA3A /* ThemeSelector2026Tests */ = {
			isa = PBXFileSystemSynchronizedRootGroup;
			path = ThemeSelector2026Tests;
			sourceTree = "<group>";
		};
		80F0DD512FFD43A200A2EA3A /* ThemeSelector2026UITests */ = {
			isa = PBXFileSystemSynchronizedRootGroup;
			path = ThemeSelector2026UITests;
			sourceTree = "<group>";
		};
/* End PBXFileSystemSynchronizedRootGroup section */

/* Begin PBXFrameworksBuildPhase section */
		80F0DD342FFD43A100A2EA3A /* Frameworks */ = {
			isa = PBXFrameworksBuildPhase;
			buildActionMask = 2147483647;
			files = (
			);
			runOnlyForDeploymentPostprocessing = 0;
		};
		80F0DD412FFD43A200A2EA3A /* Frameworks */ = {
			isa = PBXFrameworksBuildPhase;
			buildActionMask = 2147483647;
			files = (
			);
			runOnlyForDeploymentPostprocessing = 0;
		};
		80F0DD4B2FFD43A200A2EA3A /* Frameworks */ = {
			isa = PBXFrameworksBuildPhase;
			buildActionMask = 2147483647;
			files = (
			);
			runOnlyForDeploymentPostprocessing = 0;
		};
/* End PBXFrameworksBuildPhase section */

/* Begin PBXGroup section */
		80F0DD2E2FFD43A100A2EA3A = {
			isa = PBXGroup;
			children = (
				80F0DD392FFD43A100A2EA3A /* ThemeSelector2026 */,
				80F0DD472FFD43A200A2EA3A /* ThemeSelector2026Tests */,
				80F0DD512FFD43A200A2EA3A /* ThemeSelector2026UITests */,
				80F0DD382FFD43A100A2EA3A /* Products */,
			);
			sourceTree = "<group>";
		};
		80F0DD382FFD43A100A2EA3A /* Products */ = {
			isa = PBXGroup;
			children = (
				80F0DD372FFD43A100A2EA3A /* ThemeSelector2026.app */,
				80F0DD442FFD43A200A2EA3A /* ThemeSelector2026Tests.xctest */,
				80F0DD4E2FFD43A200A2EA3A /* ThemeSelector2026UITests.xctest */,
			);
			name = Products;
			sourceTree = "<group>";
		};
/* End PBXGroup section */

/* Begin PBXNativeTarget section */
		80F0DD362FFD43A100A2EA3A /* ThemeSelector2026 */ = {
			isa = PBXNativeTarget;
			buildConfigurationList = 80F0DD582FFD43A200A2EA3A /* Build configuration list for PBXNativeTarget "ThemeSelector2026" */;
			buildPhases = (
				80F0DD332FFD43A100A2EA3A /* Sources */,
				80F0DD342FFD43A100A2EA3A /* Frameworks */,
				80F0DD352FFD43A100A2EA3A /* Resources */,
			);
			buildRules = (
			);
			dependencies = (
			);
			fileSystemSynchronizedGroups = (
				80F0DD392FFD43A100A2EA3A /* ThemeSelector2026 */,
			);
			name = ThemeSelector2026;
			packageProductDependencies = (
			);
			productName = ThemeSelector2026;
			productReference = 80F0DD372FFD43A100A2EA3A /* ThemeSelector2026.app */;
			productType = "com.apple.product-type.application";
		};
		80F0DD432FFD43A200A2EA3A /* ThemeSelector2026Tests */ = {
			isa = PBXNativeTarget;
			buildConfigurationList = 80F0DD5B2FFD43A200A2EA3A /* Build configuration list for PBXNativeTarget "ThemeSelector2026Tests" */;
			buildPhases = (
				80F0DD402FFD43A200A2EA3A /* Sources */,
				80F0DD412FFD43A200A2EA3A /* Frameworks */,
				80F0DD422FFD43A200A2EA3A /* Resources */,
			);
			buildRules = (
			);
			dependencies = (
				80F0DD462FFD43A200A2EA3A /* PBXTargetDependency */,
			);
			fileSystemSynchronizedGroups = (
				80F0DD472FFD43A200A2EA3A /* ThemeSelector2026Tests */,
			);
			name = ThemeSelector2026Tests;
			packageProductDependencies = (
			);
			productName = ThemeSelector2026Tests;
			productReference = 80F0DD442FFD43A200A2EA3A /* ThemeSelector2026Tests.xctest */;
			productType = "com.apple.product-type.bundle.unit-test";
		};
		80F0DD4D2FFD43A200A2EA3A /* ThemeSelector2026UITests */ = {
			isa = PBXNativeTarget;
			buildConfigurationList = 80F0DD5E2FFD43A200A2EA3A /* Build configuration list for PBXNativeTarget "ThemeSelector2026UITests" */;
			buildPhases = (
				80F0DD4A2FFD43A200A2EA3A /* Sources */,
				80F0DD4B2FFD43A200A2EA3A /* Frameworks */,
				80F0DD4C2FFD43A200A2EA3A /* Resources */,
			);
			buildRules = (
			);
			dependencies = (
				80F0DD502FFD43A200A2EA3A /* PBXTargetDependency */,
			);
			fileSystemSynchronizedGroups = (
				80F0DD512FFD43A200A2EA3A /* ThemeSelector2026UITests */,
			);
			name = ThemeSelector2026UITests;
			packageProductDependencies = (
			);
			productName = ThemeSelector2026UITests;
			productReference = 80F0DD4E2FFD43A200A2EA3A /* ThemeSelector2026UITests.xctest */;
			productType = "com.apple.product-type.bundle.ui-testing";
		};
/* End PBXNativeTarget section */

/* Begin PBXProject section */
		80F0DD2F2FFD43A100A2EA3A /* Project object */ = {
			isa = PBXProject;
			attributes = {
				BuildIndependentTargetsInParallel = 1;
				LastSwiftUpdateCheck = 2650;
				LastUpgradeCheck = 2650;
				TargetAttributes = {
					80F0DD362FFD43A100A2EA3A = {
						CreatedOnToolsVersion = 26.5;
					};
					80F0DD432FFD43A200A2EA3A = {
						CreatedOnToolsVersion = 26.5;
						TestTargetID = 80F0DD362FFD43A100A2EA3A;
					};
					80F0DD4D2FFD43A200A2EA3A = {
						CreatedOnToolsVersion = 26.5;
						TestTargetID = 80F0DD362FFD43A100A2EA3A;
					};
				};
			};
			buildConfigurationList = 80F0DD322FFD43A100A2EA3A /* Build configuration list for PBXProject "ThemeSelector2026" */;
			developmentRegion = en;
			hasScannedForEncodings = 0;
			knownRegions = (
				en,
				Base,
			);
			mainGroup = 80F0DD2E2FFD43A100A2EA3A;
			minimizedProjectReferenceProxies = 1;
			preferredProjectObjectVersion = 77;
			productRefGroup = 80F0DD382FFD43A100A2EA3A /* Products */;
			projectDirPath = "";
			projectRoot = "";
			targets = (
				80F0DD362FFD43A100A2EA3A /* ThemeSelector2026 */,
				80F0DD432FFD43A200A2EA3A /* ThemeSelector2026Tests */,
				80F0DD4D2FFD43A200A2EA3A /* ThemeSelector2026UITests */,
			);
		};
/* End PBXProject section */

/* Begin PBXResourcesBuildPhase section */
		80F0DD352FFD43A100A2EA3A /* Resources */ = {
			isa = PBXResourcesBuildPhase;
			buildActionMask = 2147483647;
			files = (
			);
			runOnlyForDeploymentPostprocessing = 0;
		};
		80F0DD422FFD43A200A2EA3A /* Resources */ = {
			isa = PBXResourcesBuildPhase;
			buildActionMask = 2147483647;
			files = (
			);
			runOnlyForDeploymentPostprocessing = 0;
		};
		80F0DD4C2FFD43A200A2EA3A /* Resources */ = {
			isa = PBXResourcesBuildPhase;
			buildActionMask = 2147483647;
			files = (
			);
			runOnlyForDeploymentPostprocessing = 0;
		};
/* End PBXResourcesBuildPhase section */

/* Begin PBXSourcesBuildPhase section */
		80F0DD332FFD43A100A2EA3A /* Sources */ = {
			isa = PBXSourcesBuildPhase;
			buildActionMask = 2147483647;
			files = (
			);
			runOnlyForDeploymentPostprocessing = 0;
		};
		80F0DD402FFD43A200A2EA3A /* Sources */ = {
			isa = PBXSourcesBuildPhase;
			buildActionMask = 2147483647;
			files = (
			);
			runOnlyForDeploymentPostprocessing = 0;
		};
		80F0DD4A2FFD43A200A2EA3A /* Sources */ = {
			isa = PBXSourcesBuildPhase;
			buildActionMask = 2147483647;
			files = (
			);
			runOnlyForDeploymentPostprocessing = 0;
		};
/* End PBXSourcesBuildPhase section */

/* Begin PBXTargetDependency section */
		80F0DD462FFD43A200A2EA3A /* PBXTargetDependency */ = {
			isa = PBXTargetDependency;
			target = 80F0DD362FFD43A100A2EA3A /* ThemeSelector2026 */;
			targetProxy = 80F0DD452FFD43A200A2EA3A /* PBXContainerItemProxy */;
		};
		80F0DD502FFD43A200A2EA3A /* PBXTargetDependency */ = {
			isa = PBXTargetDependency;
			target = 80F0DD362FFD43A100A2EA3A /* ThemeSelector2026 */;
			targetProxy = 80F0DD4F2FFD43A200A2EA3A /* PBXContainerItemProxy */;
		};
/* End PBXTargetDependency section */

/* Begin XCBuildConfiguration section */
		80F0DD562FFD43A200A2EA3A /* Debug */ = {
			isa = XCBuildConfiguration;
			buildSettings = {
				ALWAYS_SEARCH_USER_PATHS = NO;
				ASSETCATALOG_COMPILER_GENERATE_SWIFT_ASSET_SYMBOL_EXTENSIONS = YES;
				CLANG_ANALYZER_NONNULL = YES;
				CLANG_ANALYZER_NUMBER_OBJECT_CONVERSION = YES_AGGRESSIVE;
				CLANG_CXX_LANGUAGE_STANDARD = "gnu++20";
				CLANG_ENABLE_MODULES = YES;
				CLANG_ENABLE_OBJC_ARC = YES;
				CLANG_ENABLE_OBJC_WEAK = YES;
				CLANG_WARN_BLOCK_CAPTURE_AUTORELEASING = YES;
				CLANG_WARN_BOOL_CONVERSION = YES;
				CLANG_WARN_COMMA = YES;
				CLANG_WARN_CONSTANT_CONVERSION = YES;
				CLANG_WARN_DEPRECATED_OBJC_IMPLEMENTATIONS = YES;
				CLANG_WARN_DIRECT_OBJC_ISA_USAGE = YES_ERROR;
				CLANG_WARN_DOCUMENTATION_COMMENTS = YES;
				CLANG_WARN_EMPTY_BODY = YES;
				CLANG_WARN_ENUM_CONVERSION = YES;
				CLANG_WARN_INFINITE_RECURSION = YES;
				CLANG_WARN_INT_CONVERSION = YES;
				CLANG_WARN_NON_LITERAL_NULL_CONVERSION = YES;
				CLANG_WARN_OBJC_IMPLICIT_RETAIN_SELF = YES;
				CLANG_WARN_OBJC_LITERAL_CONVERSION = YES;
				CLANG_WARN_OBJC_ROOT_CLASS = YES_ERROR;
				CLANG_WARN_QUOTED_INCLUDE_IN_FRAMEWORK_HEADER = YES;
				CLANG_WARN_RANGE_LOOP_ANALYSIS = YES;
				CLANG_WARN_STRICT_PROTOTYPES = YES;
				CLANG_WARN_SUSPICIOUS_MOVE = YES;
				CLANG_WARN_UNGUARDED_AVAILABILITY = YES_AGGRESSIVE;
				CLANG_WARN_UNREACHABLE_CODE = YES;
				CLANG_WARN__DUPLICATE_METHOD_MATCH = YES;
				COPY_PHASE_STRIP = NO;
				DEBUG_INFORMATION_FORMAT = dwarf;
				ENABLE_STRICT_OBJC_MSGSEND = YES;
				ENABLE_TESTABILITY = YES;
				ENABLE_USER_SCRIPT_SANDBOXING = YES;
				GCC_C_LANGUAGE_STANDARD = gnu17;
				GCC_DYNAMIC_NO_PIC = NO;
				GCC_NO_COMMON_BLOCKS = YES;
				GCC_OPTIMIZATION_LEVEL = 0;
				GCC_PREPROCESSOR_DEFINITIONS = (
					"DEBUG=1",
					"$(inherited)",
				);
				GCC_WARN_64_TO_32_BIT_CONVERSION = YES;
				GCC_WARN_ABOUT_RETURN_TYPE = YES_ERROR;
				GCC_WARN_UNDECLARED_SELECTOR = YES;
				GCC_WARN_UNINITIALIZED_AUTOS = YES_AGGRESSIVE;
				GCC_WARN_UNUSED_FUNCTION = YES;
				GCC_WARN_UNUSED_VARIABLE = YES;
				IPHONEOS_DEPLOYMENT_TARGET = 26.5;
				LOCALIZATION_PREFERS_STRING_CATALOGS = YES;
				MTL_ENABLE_DEBUG_INFO = INCLUDE_SOURCE;
				MTL_FAST_MATH = YES;
				ONLY_ACTIVE_ARCH = YES;
				SDKROOT = iphoneos;
				SWIFT_ACTIVE_COMPILATION_CONDITIONS = "DEBUG $(inherited)";
				SWIFT_OPTIMIZATION_LEVEL = "-Onone";
			};
			name = Debug;
		};
		80F0DD572FFD43A200A2EA3A /* Release */ = {
			isa = XCBuildConfiguration;
			buildSettings = {
				ALWAYS_SEARCH_USER_PATHS = NO;
				ASSETCATALOG_COMPILER_GENERATE_SWIFT_ASSET_SYMBOL_EXTENSIONS = YES;
				CLANG_ANALYZER_NONNULL = YES;
				CLANG_ANALYZER_NUMBER_OBJECT_CONVERSION = YES_AGGRESSIVE;
				CLANG_CXX_LANGUAGE_STANDARD = "gnu++20";
				CLANG_ENABLE_MODULES = YES;
				CLANG_ENABLE_OBJC_ARC = YES;
				CLANG_ENABLE_OBJC_WEAK = YES;
				CLANG_WARN_BLOCK_CAPTURE_AUTORELEASING = YES;
				CLANG_WARN_BOOL_CONVERSION = YES;
				CLANG_WARN_COMMA = YES;
				CLANG_WARN_CONSTANT_CONVERSION = YES;
				CLANG_WARN_DEPRECATED_OBJC_IMPLEMENTATIONS = YES;
				CLANG_WARN_DIRECT_OBJC_ISA_USAGE = YES_ERROR;
				CLANG_WARN_DOCUMENTATION_COMMENTS = YES;
				CLANG_WARN_EMPTY_BODY = YES;
				CLANG_WARN_ENUM_CONVERSION = YES;
				CLANG_WARN_INFINITE_RECURSION = YES;
				CLANG_WARN_INT_CONVERSION = YES;
				CLANG_WARN_NON_LITERAL_NULL_CONVERSION = YES;
				CLANG_WARN_OBJC_IMPLICIT_RETAIN_SELF = YES;
				CLANG_WARN_OBJC_LITERAL_CONVERSION = YES;
				CLANG_WARN_OBJC_ROOT_CLASS = YES_ERROR;
				CLANG_WARN_QUOTED_INCLUDE_IN_FRAMEWORK_HEADER = YES;
				CLANG_WARN_RANGE_LOOP_ANALYSIS = YES;
				CLANG_WARN_STRICT_PROTOTYPES = YES;
				CLANG_WARN_SUSPICIOUS_MOVE = YES;
				CLANG_WARN_UNGUARDED_AVAILABILITY = YES_AGGRESSIVE;
				CLANG_WARN_UNREACHABLE_CODE = YES;
				CLANG_WARN__DUPLICATE_METHOD_MATCH = YES;
				COPY_PHASE_STRIP = NO;
				DEBUG_INFORMATION_FORMAT = "dwarf-with-dsym";
				ENABLE_NS_ASSERTIONS = NO;
				ENABLE_STRICT_OBJC_MSGSEND = YES;
				ENABLE_USER_SCRIPT_SANDBOXING = YES;
				GCC_C_LANGUAGE_STANDARD = gnu17;
				GCC_NO_COMMON_BLOCKS = YES;
				GCC_WARN_64_TO_32_BIT_CONVERSION = YES;
				GCC_WARN_ABOUT_RETURN_TYPE = YES_ERROR;
				GCC_WARN_UNDECLARED_SELECTOR = YES;
				GCC_WARN_UNINITIALIZED_AUTOS = YES_AGGRESSIVE;
				GCC_WARN_UNUSED_FUNCTION = YES;
				GCC_WARN_UNUSED_VARIABLE = YES;
				IPHONEOS_DEPLOYMENT_TARGET = 26.5;
				LOCALIZATION_PREFERS_STRING_CATALOGS = YES;
				MTL_ENABLE_DEBUG_INFO = NO;
				MTL_FAST_MATH = YES;
				SDKROOT = iphoneos;
				SWIFT_COMPILATION_MODE = wholemodule;
				VALIDATE_PRODUCT = YES;
			};
			name = Release;
		};
		80F0DD592FFD43A200A2EA3A /* Debug */ = {
			isa = XCBuildConfiguration;
			buildSettings = {
				ASSETCATALOG_COMPILER_APPICON_NAME = AppIcon;
				ASSETCATALOG_COMPILER_GLOBAL_ACCENT_COLOR_NAME = AccentColor;
				CODE_SIGN_STYLE = Automatic;
				CURRENT_PROJECT_VERSION = 1;
				ENABLE_PREVIEWS = YES;
				GENERATE_INFOPLIST_FILE = YES;
				INFOPLIST_KEY_UIApplicationSceneManifest_Generation = YES;
				INFOPLIST_KEY_UIApplicationSupportsIndirectInputEvents = YES;
				INFOPLIST_KEY_UILaunchScreen_Generation = YES;
				INFOPLIST_KEY_UISupportedInterfaceOrientations_iPad = "UIInterfaceOrientationPortrait UIInterfaceOrientationPortraitUpsideDown UIInterfaceOrientationLandscapeLeft UIInterfaceOrientationLandscapeRight";
				INFOPLIST_KEY_UISupportedInterfaceOrientations_iPhone = "UIInterfaceOrientationPortrait UIInterfaceOrientationLandscapeLeft UIInterfaceOrientationLandscapeRight";
				LD_RUNPATH_SEARCH_PATHS = (
					"$(inherited)",
					"@executable_path/Frameworks",
				);
				MARKETING_VERSION = 1.0;
				PRODUCT_BUNDLE_IDENTIFIER = com.trios2026dej.ThemeSelector2026;
				PRODUCT_NAME = "$(TARGET_NAME)";
				STRING_CATALOG_GENERATE_SYMBOLS = YES;
				SWIFT_APPROACHABLE_CONCURRENCY = YES;
				SWIFT_DEFAULT_ACTOR_ISOLATION = MainActor;
				SWIFT_EMIT_LOC_STRINGS = YES;
				SWIFT_UPCOMING_FEATURE_MEMBER_IMPORT_VISIBILITY = YES;
				SWIFT_VERSION = 5.0;
				TARGETED_DEVICE_FAMILY = "1,2";
			};
			name = Debug;
		};
		80F0DD5A2FFD43A200A2EA3A /* Release */ = {
			isa = XCBuildConfiguration;
			buildSettings = {
				ASSETCATALOG_COMPILER_APPICON_NAME = AppIcon;
				ASSETCATALOG_COMPILER_GLOBAL_ACCENT_COLOR_NAME = AccentColor;
				CODE_SIGN_STYLE = Automatic;
				CURRENT_PROJECT_VERSION = 1;
				ENABLE_PREVIEWS = YES;
				GENERATE_INFOPLIST_FILE = YES;
				INFOPLIST_KEY_UIApplicationSceneManifest_Generation = YES;
				INFOPLIST_KEY_UIApplicationSupportsIndirectInputEvents = YES;
				INFOPLIST_KEY_UILaunchScreen_Generation = YES;
				INFOPLIST_KEY_UISupportedInterfaceOrientations_iPad = "UIInterfaceOrientationPortrait UIInterfaceOrientationPortraitUpsideDown UIInterfaceOrientationLandscapeLeft UIInterfaceOrientationLandscapeRight";
				INFOPLIST_KEY_UISupportedInterfaceOrientations_iPhone = "UIInterfaceOrientationPortrait UIInterfaceOrientationLandscapeLeft UIInterfaceOrientationLandscapeRight";
				LD_RUNPATH_SEARCH_PATHS = (
					"$(inherited)",
					"@executable_path/Frameworks",
				);
				MARKETING_VERSION = 1.0;
				PRODUCT_BUNDLE_IDENTIFIER = com.trios2026dej.ThemeSelector2026;
				PRODUCT_NAME = "$(TARGET_NAME)";
				STRING_CATALOG_GENERATE_SYMBOLS = YES;
				SWIFT_APPROACHABLE_CONCURRENCY = YES;
				SWIFT_DEFAULT_ACTOR_ISOLATION = MainActor;
				SWIFT_EMIT_LOC_STRINGS = YES;
				SWIFT_UPCOMING_FEATURE_MEMBER_IMPORT_VISIBILITY = YES;
				SWIFT_VERSION = 5.0;
				TARGETED_DEVICE_FAMILY = "1,2";
			};
			name = Release;
		};
		80F0DD5C2FFD43A200A2EA3A /* Debug */ = {
			isa = XCBuildConfiguration;
			buildSettings = {
				BUNDLE_LOADER = "$(TEST_HOST)";
				CODE_SIGN_STYLE = Automatic;
				CURRENT_PROJECT_VERSION = 1;
				GENERATE_INFOPLIST_FILE = YES;
				IPHONEOS_DEPLOYMENT_TARGET = 26.5;
				MARKETING_VERSION = 1.0;
				PRODUCT_BUNDLE_IDENTIFIER = com.trios2026dej.ThemeSelector2026Tests;
				PRODUCT_NAME = "$(TARGET_NAME)";
				STRING_CATALOG_GENERATE_SYMBOLS = NO;
				SWIFT_APPROACHABLE_CONCURRENCY = YES;
				SWIFT_EMIT_LOC_STRINGS = NO;
				SWIFT_UPCOMING_FEATURE_MEMBER_IMPORT_VISIBILITY = YES;
				SWIFT_VERSION = 5.0;
				TARGETED_DEVICE_FAMILY = "1,2";
				TEST_HOST = "$(BUILT_PRODUCTS_DIR)/ThemeSelector2026.app/$(BUNDLE_EXECUTABLE_FOLDER_PATH)/ThemeSelector2026";
			};
			name = Debug;
		};
		80F0DD5D2FFD43A200A2EA3A /* Release */ = {
			isa = XCBuildConfiguration;
			buildSettings = {
				BUNDLE_LOADER = "$(TEST_HOST)";
				CODE_SIGN_STYLE = Automatic;
				CURRENT_PROJECT_VERSION = 1;
				GENERATE_INFOPLIST_FILE = YES;
				IPHONEOS_DEPLOYMENT_TARGET = 26.5;
				MARKETING_VERSION = 1.0;
				PRODUCT_BUNDLE_IDENTIFIER = com.trios2026dej.ThemeSelector2026Tests;
				PRODUCT_NAME = "$(TARGET_NAME)";
				STRING_CATALOG_GENERATE_SYMBOLS = NO;
				SWIFT_APPROACHABLE_CONCURRENCY = YES;
				SWIFT_EMIT_LOC_STRINGS = NO;
				SWIFT_UPCOMING_FEATURE_MEMBER_IMPORT_VISIBILITY = YES;
				SWIFT_VERSION = 5.0;
				TARGETED_DEVICE_FAMILY = "1,2";
				TEST_HOST = "$(BUILT_PRODUCTS_DIR)/ThemeSelector2026.app/$(BUNDLE_EXECUTABLE_FOLDER_PATH)/ThemeSelector2026";
			};
			name = Release;
		};
		80F0DD5F2FFD43A200A2EA3A /* Debug */ = {
			isa = XCBuildConfiguration;
			buildSettings = {
				CODE_SIGN_STYLE = Automatic;
				CURRENT_PROJECT_VERSION = 1;
				GENERATE_INFOPLIST_FILE = YES;
				MARKETING_VERSION = 1.0;
				PRODUCT_BUNDLE_IDENTIFIER = com.trios2026dej.ThemeSelector2026UITests;
				PRODUCT_NAME = "$(TARGET_NAME)";
				STRING_CATALOG_GENERATE_SYMBOLS = NO;
				SWIFT_APPROACHABLE_CONCURRENCY = YES;
				SWIFT_EMIT_LOC_STRINGS = NO;
				SWIFT_UPCOMING_FEATURE_MEMBER_IMPORT_VISIBILITY = YES;
				SWIFT_VERSION = 5.0;
				TARGETED_DEVICE_FAMILY = "1,2";
				TEST_TARGET_NAME = ThemeSelector2026;
			};
			name = Debug;
		};
		80F0DD602FFD43A200A2EA3A /* Release */ = {
			isa = XCBuildConfiguration;
			buildSettings = {
				CODE_SIGN_STYLE = Automatic;
				CURRENT_PROJECT_VERSION = 1;
				GENERATE_INFOPLIST_FILE = YES;
				MARKETING_VERSION = 1.0;
				PRODUCT_BUNDLE_IDENTIFIER = com.trios2026dej.ThemeSelector2026UITests;
				PRODUCT_NAME = "$(TARGET_NAME)";
				STRING_CATALOG_GENERATE_SYMBOLS = NO;
				SWIFT_APPROACHABLE_CONCURRENCY = YES;
				SWIFT_EMIT_LOC_STRINGS = NO;
				SWIFT_UPCOMING_FEATURE_MEMBER_IMPORT_VISIBILITY = YES;
				SWIFT_VERSION = 5.0;
				TARGETED_DEVICE_FAMILY = "1,2";
				TEST_TARGET_NAME = ThemeSelector2026;
			};
			name = Release;
		};
/* End XCBuildConfiguration section */

/* Begin XCConfigurationList section */
		80F0DD322FFD43A100A2EA3A /* Build configuration list for PBXProject "ThemeSelector2026" */ = {
			isa = XCConfigurationList;
			buildConfigurations = (
				80F0DD562FFD43A200A2EA3A /* Debug */,
				80F0DD572FFD43A200A2EA3A /* Release */,
			);
			defaultConfigurationIsVisible = 0;
			defaultConfigurationName = Release;
		};
		80F0DD582FFD43A200A2EA3A /* Build configuration list for PBXNativeTarget "ThemeSelector2026" */ = {
			isa = XCConfigurationList;
			buildConfigurations = (
				80F0DD592FFD43A200A2EA3A /* Debug */,
				80F0DD5A2FFD43A200A2EA3A /* Release */,
			);
			defaultConfigurationIsVisible = 0;
			defaultConfigurationName = Release;
		};
		80F0DD5B2FFD43A200A2EA3A /* Build configuration list for PBXNativeTarget "ThemeSelector2026Tests" */ = {
			isa = XCConfigurationList;
			buildConfigurations = (
				80F0DD5C2FFD43A200A2EA3A /* Debug */,
				80F0DD5D2FFD43A200A2EA3A /* Release */,
			);
			defaultConfigurationIsVisible = 0;
			defaultConfigurationName = Release;
		};
		80F0DD5E2FFD43A200A2EA3A /* Build configuration list for PBXNativeTarget "ThemeSelector2026UITests" */ = {
			isa = XCConfigurationList;
			buildConfigurations = (
				80F0DD5F2FFD43A200A2EA3A /* Debug */,
				80F0DD602FFD43A200A2EA3A /* Release */,
			);
			defaultConfigurationIsVisible = 0;
			defaultConfigurationName = Release;
		};
/* End XCConfigurationList section */
	};
	rootObject = 80F0DD2F2FFD43A100A2EA3A /* Project object */;
}
